
Microsoft Visual Studio Solution File, Format Version 12.00
# Visual Studio Version 16
VisualStudioVersion = 25.0.1705.2
MinimumVisualStudioVersion = 10.0.40219.1
Project("{FAE04EC0-301F-11D3-BF4B-00C04F79EFBC}") = "poseidonselenium", "poseidonselenium\poseidonselenium.csproj", "{04413AAA-5C4C-4DCA-BD85-638EE0882584}"
EndProject
Global
	GlobalSection(SolutionConfigurationPlatforms) = preSolution
		Debug|Any CPU = Debug|Any CPU
		Release|Any CPU = Release|Any CPU
	EndGlobalSection
	GlobalSection(ProjectConfigurationPlatforms) = postSolution
		{04413AAA-5C4C-4DCA-BD85-638EE0882584}.Debug|Any CPU.ActiveCfg = Debug|Any CPU
		{04413AAA-5C4C-4DCA-BD85-638EE0882584}.Debug|Any CPU.Build.0 = Debug|Any CPU
		{04413AAA-5C4C-4DCA-BD85-638EE0882584}.Release|Any CPU.ActiveCfg = Release|Any CPU
		{04413AAA-5C4C-4DCA-BD85-638EE0882584}.Release|Any CPU.Build.0 = Release|Any CPU
	EndGlobalSection
	GlobalSection(SolutionProperties) = preSolution
		HideSolutionNode = FALSE
	EndGlobalSection
	GlobalSection(ExtensibilityGlobals) = postSolution
		SolutionGuid = {F30ABFE5-F3C2-44D6-B04B-98627D09E8F6}
	EndGlobalSection
EndGlobal
